// !$*UTF8*$!
{
	archiveVersion = 1;
	classes = {
	};
	objectVersion = 56;
	objects = {

/* Begin PBXBuildFile section */
		961815242B2B01F700648E19 /* SettingsViewViewModel.swift in Sources */ = {isa = PBXBuildFile; fileRef = 961815232B2B01F700648E19 /* SettingsViewViewModel.swift */; };
		961815262B2B1DD300648E19 /* CurrentWeatherSection.swift in Sources */ = {isa = PBXBuildFile; fileRef = 961815252B2B1DD300648E19 /* CurrentWeatherSection.swift */; };
		961815292B2B210000648E19 /* CurrentWeatherCollectionViewCell.swift in Sources */ = {isa = PBXBuildFile; fileRef = 961815282B2B210000648E19 /* CurrentWeatherCollectionViewCell.swift */; };
		9618152B2B2B21B600648E19 /* DailyWeatherCollectionViewCell.swift in Sources */ = {isa = PBXBuildFile; fileRef = 9618152A2B2B21B600648E19 /* DailyWeatherCollectionViewCell.swift */; };
		9618152D2B2B21DB00648E19 /* HourlyWeatherCollectionViewCell.swift in Sources */ = {isa = PBXBuildFile; fileRef = 9618152C2B2B21DB00648E19 /* HourlyWeatherCollectionViewCell.swift */; };
		962FE1F92B289B2900603CA4 /* AppDelegate.swift in Sources */ = {isa = PBXBuildFile; fileRef = 962FE1F82B289B2900603CA4 /* AppDelegate.swift */; };
		962FE1FB2B289B2900603CA4 /* SceneDelegate.swift in Sources */ = {isa = PBXBuildFile; fileRef = 962FE1FA2B289B2900603CA4 /* SceneDelegate.swift */; };
		962FE1FD2B289B2900603CA4 /* WeatherViewController.swift in Sources */ = {isa = PBXBuildFile; fileRef = 962FE1FC2B289B2900603CA4 /* WeatherViewController.swift */; };
		962FE2032B289B2900603CA4 /* Hyper_Weather.xcdatamodeld in Sources */ = {isa = PBXBuildFile; fileRef = 962FE2012B289B2900603CA4 /* Hyper_Weather.xcdatamodeld */; };
		962FE2052B289B2B00603CA4 /* Assets.xcassets in Resources */ = {isa = PBXBuildFile; fileRef = 962FE2042B289B2B00603CA4 /* Assets.xcassets */; };
		962FE2082B289B2B00603CA4 /* LaunchScreen.storyboard in Resources */ = {isa = PBXBuildFile; fileRef = 962FE2062B289B2B00603CA4 /* LaunchScreen.storyboard */; };
		967F8D732B29C0D300E76269 /* LocationManager.swift in Sources */ = {isa = PBXBuildFile; fileRef = 967F8D722B29C0D300E76269 /* LocationManager.swift */; };
		967F8D752B29C0E300E76269 /* IAPManager.swift in Sources */ = {isa = PBXBuildFile; fileRef = 967F8D742B29C0E300E76269 /* IAPManager.swift */; };
		967F8D772B29C0FA00E76269 /* WeatherManager.swift in Sources */ = {isa = PBXBuildFile; fileRef = 967F8D762B29C0FA00E76269 /* WeatherManager.swift */; };
		967F8D7A2B29C30700E76269 /* SettingsViewController.swift in Sources */ = {isa = PBXBuildFile; fileRef = 967F8D792B29C30700E76269 /* SettingsViewController.swift */; };
		967F8D7C2B29C34300E76269 /* TabViewController.swift in Sources */ = {isa = PBXBuildFile; fileRef = 967F8D7B2B29C34300E76269 /* TabViewController.swift */; };
		96BCDD592B2F103300DCFA08 /* RevenueCat in Frameworks */ = {isa = PBXBuildFile; productRef = 96BCDD582B2F103300DCFA08 /* RevenueCat */; };
		96BCDD5B2B2F103300DCFA08 /* RevenueCatUI in Frameworks */ = {isa = PBXBuildFile; productRef = 96BCDD5A2B2F103300DCFA08 /* RevenueCatUI */; };
		96C5CA0E2B2B4CE8002C4A5C /* CurrentWeatherViewModel.swift in Sources */ = {isa = PBXBuildFile; fileRef = 96C5CA0D2B2B4CE8002C4A5C /* CurrentWeatherViewModel.swift */; };
		96C5CA102B2B4D3E002C4A5C /* CurrentWeatherCollectionViewCellViewModel.swift in Sources */ = {isa = PBXBuildFile; fileRef = 96C5CA0F2B2B4D3E002C4A5C /* CurrentWeatherCollectionViewCellViewModel.swift */; };
		96C5CA122B2B4D85002C4A5C /* HourlyWeatherCollectionViewCellViewModel.swift in Sources */ = {isa = PBXBuildFile; fileRef = 96C5CA112B2B4D85002C4A5C /* HourlyWeatherCollectionViewCellViewModel.swift */; };
		96C5CA142B2B4DBD002C4A5C /* DailyWeatherCollectionViewCellViewModel.swift in Sources */ = {isa = PBXBuildFile; fileRef = 96C5CA132B2B4DBD002C4A5C /* DailyWeatherCollectionViewCellViewModel.swift */; };
		96E5FE4F2B29D13800E347EE /* CurrentWeatherView.swift in Sources */ = {isa = PBXBuildFile; fileRef = 96E5FE4E2B29D13800E347EE /* CurrentWeatherView.swift */; };
		96E5FE512B29D1E400E347EE /* SettingsView.swift in Sources */ = {isa = PBXBuildFile; fileRef = 96E5FE502B29D1E400E347EE /* SettingsView.swift */; };
		96E65DEE2B2F5D0400745FBD /* ReceiptParser in Frameworks */ = {isa = PBXBuildFile; productRef = 96E65DED2B2F5D0400745FBD /* ReceiptParser */; };
		96E65DF02B2F5D0400745FBD /* RevenueCat in Frameworks */ = {isa = PBXBuildFile; productRef = 96E65DEF2B2F5D0400745FBD /* RevenueCat */; };
		96E65DF22B2F5D0400745FBD /* RevenueCatUI in Frameworks */ = {isa = PBXBuildFile; productRef = 96E65DF12B2F5D0400745FBD /* RevenueCatUI */; };
/* End PBXBuildFile section */

/* Begin PBXFileReference section */
		961815232B2B01F700648E19 /* SettingsViewViewModel.swift */ = {isa = PBXFileReference; lastKnownFileType = sourcecode.swift; path = SettingsViewViewModel.swift; sourceTree = "<group>"; };
		961815252B2B1DD300648E19 /* CurrentWeatherSection.swift */ = {isa = PBXFileReference; lastKnownFileType = sourcecode.swift; path = CurrentWeatherSection.swift; sourceTree = "<group>"; };
		961815282B2B210000648E19 /* CurrentWeatherCollectionViewCell.swift */ = {isa = PBXFileReference; lastKnownFileType = sourcecode.swift; path = CurrentWeatherCollectionViewCell.swift; sourceTree = "<group>"; };
		9618152A2B2B21B600648E19 /* DailyWeatherCollectionViewCell.swift */ = {isa = PBXFileReference; lastKnownFileType = sourcecode.swift; path = DailyWeatherCollectionViewCell.swift; sourceTree = "<group>"; };
		9618152C2B2B21DB00648E19 /* HourlyWeatherCollectionViewCell.swift */ = {isa = PBXFileReference; lastKnownFileType = sourcecode.swift; path = HourlyWeatherCollectionViewCell.swift; sourceTree = "<group>"; };
		961A87092B289CEE00D3F55B /* Hyper Weather.entitlements */ = {isa = PBXFileReference; lastKnownFileType = text.plist.entitlements; path = "Hyper Weather.entitlements"; sourceTree = "<group>"; };
		962FE1F52B289B2900603CA4 /* Hyper Weather.app */ = {isa = PBXFileReference; explicitFileType = wrapper.application; includeInIndex = 0; path = "Hyper Weather.app"; sourceTree = BUILT_PRODUCTS_DIR; };
		962FE1F82B289B2900603CA4 /* AppDelegate.swift */ = {isa = PBXFileReference; lastKnownFileType = sourcecode.swift; path = AppDelegate.swift; sourceTree = "<group>"; };
		962FE1FA2B289B2900603CA4 /* SceneDelegate.swift */ = {isa = PBXFileReference; lastKnownFileType = sourcecode.swift; path = SceneDelegate.swift; sourceTree = "<group>"; };
		962FE1FC2B289B2900603CA4 /* WeatherViewController.swift */ = {isa = PBXFileReference; lastKnownFileType = sourcecode.swift; path = WeatherViewController.swift; sourceTree = "<group>"; };
		962FE2022B289B2900603CA4 /* Hyper_Weather.xcdatamodel */ = {isa = PBXFileReference; lastKnownFileType = wrapper.xcdatamodel; path = Hyper_Weather.xcdatamodel; sourceTree = "<group>"; };
		962FE2042B289B2B00603CA4 /* Assets.xcassets */ = {isa = PBXFileReference; lastKnownFileType = folder.assetcatalog; path = Assets.xcassets; sourceTree = "<group>"; };
		962FE2072B289B2B00603CA4 /* Base */ = {isa = PBXFileReference; lastKnownFileType = file.storyboard; name = Base; path = Base.lproj/LaunchScreen.storyboard; sourceTree = "<group>"; };
		962FE2092B289B2B00603CA4 /* Info.plist */ = {isa = PBXFileReference; lastKnownFileType = text.plist.xml; path = Info.plist; sourceTree = "<group>"; };
		967F8D722B29C0D300E76269 /* LocationManager.swift */ = {isa = PBXFileReference; lastKnownFileType = sourcecode.swift; path = LocationManager.swift; sourceTree = "<group>"; };
		967F8D742B29C0E300E76269 /* IAPManager.swift */ = {isa = PBXFileReference; lastKnownFileType = sourcecode.swift; path = IAPManager.swift; sourceTree = "<group>"; };
		967F8D762B29C0FA00E76269 /* WeatherManager.swift */ = {isa = PBXFileReference; lastKnownFileType = sourcecode.swift; path = WeatherManager.swift; sourceTree = "<group>"; };
		967F8D792B29C30700E76269 /* SettingsViewController.swift */ = {isa = PBXFileReference; lastKnownFileType = sourcecode.swift; path = SettingsViewController.swift; sourceTree = "<group>"; };
		967F8D7B2B29C34300E76269 /* TabViewController.swift */ = {isa = PBXFileReference; lastKnownFileType = sourcecode.swift; path = TabViewController.swift; sourceTree = "<group>"; };
		96BCDD5C2B2F158800DCFA08 /* Configuration.storekit */ = {isa = PBXFileReference; lastKnownFileType = text; path = Configuration.storekit; sourceTree = "<group>"; };
		96C5CA0D2B2B4CE8002C4A5C /* CurrentWeatherViewModel.swift */ = {isa = PBXFileReference; lastKnownFileType = sourcecode.swift; path = CurrentWeatherViewModel.swift; sourceTree = "<group>"; };
		96C5CA0F2B2B4D3E002C4A5C /* CurrentWeatherCollectionViewCellViewModel.swift */ = {isa = PBXFileReference; lastKnownFileType = sourcecode.swift; path = CurrentWeatherCollectionViewCellViewModel.swift; sourceTree = "<group>"; };
		96C5CA112B2B4D85002C4A5C /* HourlyWeatherCollectionViewCellViewModel.swift */ = {isa = PBXFileReference; lastKnownFileType = sourcecode.swift; path = HourlyWeatherCollectionViewCellViewModel.swift; sourceTree = "<group>"; };
		96C5CA132B2B4DBD002C4A5C /* DailyWeatherCollectionViewCellViewModel.swift */ = {isa = PBXFileReference; lastKnownFileType = sourcecode.swift; path = DailyWeatherCollectionViewCellViewModel.swift; sourceTree = "<group>"; };
		96E5FE4E2B29D13800E347EE /* CurrentWeatherView.swift */ = {isa = PBXFileReference; lastKnownFileType = sourcecode.swift; path = CurrentWeatherView.swift; sourceTree = "<group>"; };
		96E5FE502B29D1E400E347EE /* SettingsView.swift */ = {isa = PBXFileReference; lastKnownFileType = sourcecode.swift; path = SettingsView.swift; sourceTree = "<group>"; };
/* End PBXFileReference section */

/* Begin PBXFrameworksBuildPhase section */
		962FE1F22B289B2900603CA4 /* Frameworks */ = {
			isa = PBXFrameworksBuildPhase;
			buildActionMask = 2147483647;
			files = (
				96E65DF02B2F5D0400745FBD /* RevenueCat in Frameworks */,
				96E65DEE2B2F5D0400745FBD /* ReceiptParser in Frameworks */,
				96BCDD5B2B2F103300DCFA08 /* RevenueCatUI in Frameworks */,
				96E65DF22B2F5D0400745FBD /* RevenueCatUI in Frameworks */,
				96BCDD592B2F103300DCFA08 /* RevenueCat in Frameworks */,
			);
			runOnlyForDeploymentPostprocessing = 0;
		};
/* End PBXFrameworksBuildPhase section */

/* Begin PBXGroup section */
		961815272B2B20D400648E19 /* WeatherCells */ = {
			isa = PBXGroup;
			children = (
				961815282B2B210000648E19 /* CurrentWeatherCollectionViewCell.swift */,
				9618152C2B2B21DB00648E19 /* HourlyWeatherCollectionViewCell.swift */,
				9618152A2B2B21B600648E19 /* DailyWeatherCollectionViewCell.swift */,
			);
			path = WeatherCells;
			sourceTree = "<group>";
		};
		962FE1EC2B289B2900603CA4 = {
			isa = PBXGroup;
			children = (
				96BCDD5C2B2F158800DCFA08 /* Configuration.storekit */,
				962FE1F72B289B2900603CA4 /* Hyper Weather */,
				962FE1F62B289B2900603CA4 /* Products */,
			);
			sourceTree = "<group>";
		};
		962FE1F62B289B2900603CA4 /* Products */ = {
			isa = PBXGroup;
			children = (
				962FE1F52B289B2900603CA4 /* Hyper Weather.app */,
			);
			name = Products;
			sourceTree = "<group>";
		};
		962FE1F72B289B2900603CA4 /* Hyper Weather */ = {
			isa = PBXGroup;
			children = (
				967F8D712B29C09D00E76269 /* Managers */,
				967F8D6F2B29C03400E76269 /* Controllers */,
				967F8D6E2B29C02B00E76269 /* ViewModels */,
				967F8D6C2B29C00D00E76269 /* Views */,
				967F8D702B29C03D00E76269 /* Other */,
				961A87092B289CEE00D3F55B /* Hyper Weather.entitlements */,
				962FE2092B289B2B00603CA4 /* Info.plist */,
			);
			path = "Hyper Weather";
			sourceTree = "<group>";
		};
		967F8D6C2B29C00D00E76269 /* Views */ = {
			isa = PBXGroup;
			children = (
				961815272B2B20D400648E19 /* WeatherCells */,
				96E5FE4E2B29D13800E347EE /* CurrentWeatherView.swift */,
				96E5FE502B29D1E400E347EE /* SettingsView.swift */,
			);
			path = Views;
			sourceTree = "<group>";
		};
		967F8D6E2B29C02B00E76269 /* ViewModels */ = {
			isa = PBXGroup;
			children = (
				961815232B2B01F700648E19 /* SettingsViewViewModel.swift */,
				961815252B2B1DD300648E19 /* CurrentWeatherSection.swift */,
				96C5CA0D2B2B4CE8002C4A5C /* CurrentWeatherViewModel.swift */,
				96C5CA0F2B2B4D3E002C4A5C /* CurrentWeatherCollectionViewCellViewModel.swift */,
				96C5CA112B2B4D85002C4A5C /* HourlyWeatherCollectionViewCellViewModel.swift */,
				96C5CA132B2B4DBD002C4A5C /* DailyWeatherCollectionViewCellViewModel.swift */,
			);
			path = ViewModels;
			sourceTree = "<group>";
		};
		967F8D6F2B29C03400E76269 /* Controllers */ = {
			isa = PBXGroup;
			children = (
				962FE1FC2B289B2900603CA4 /* WeatherViewController.swift */,
				967F8D792B29C30700E76269 /* SettingsViewController.swift */,
				967F8D7B2B29C34300E76269 /* TabViewController.swift */,
			);
			path = Controllers;
			sourceTree = "<group>";
		};
		967F8D702B29C03D00E76269 /* Other */ = {
			isa = PBXGroup;
			children = (
				962FE1F82B289B2900603CA4 /* AppDelegate.swift */,
				962FE1FA2B289B2900603CA4 /* SceneDelegate.swift */,
				962FE2042B289B2B00603CA4 /* Assets.xcassets */,
				962FE2062B289B2B00603CA4 /* LaunchScreen.storyboard */,
				962FE2012B289B2900603CA4 /* Hyper_Weather.xcdatamodeld */,
			);
			path = Other;
			sourceTree = "<group>";
		};
		967F8D712B29C09D00E76269 /* Managers */ = {
			isa = PBXGroup;
			children = (
				967F8D722B29C0D300E76269 /* LocationManager.swift */,
				967F8D742B29C0E300E76269 /* IAPManager.swift */,
				967F8D762B29C0FA00E76269 /* WeatherManager.swift */,
			);
			path = Managers;
			sourceTree = "<group>";
		};
/* End PBXGroup section */

/* Begin PBXNativeTarget section */
		962FE1F42B289B2900603CA4 /* Hyper Weather */ = {
			isa = PBXNativeTarget;
			buildConfigurationList = 962FE20C2B289B2B00603CA4 /* Build configuration list for PBXNativeTarget "Hyper Weather" */;
			buildPhases = (
				962FE1F12B289B2900603CA4 /* Sources */,
				962FE1F22B289B2900603CA4 /* Frameworks */,
				962FE1F32B289B2900603CA4 /* Resources */,
			);
			buildRules = (
			);
			dependencies = (
			);
			name = "Hyper Weather";
			packageProductDependencies = (
				96BCDD582B2F103300DCFA08 /* RevenueCat */,
				96BCDD5A2B2F103300DCFA08 /* RevenueCatUI */,
				96E65DED2B2F5D0400745FBD /* ReceiptParser */,
				96E65DEF2B2F5D0400745FBD /* RevenueCat */,
				96E65DF12B2F5D0400745FBD /* RevenueCatUI */,
			);
			productName = "Hyper Weather";
			productReference = 962FE1F52B289B2900603CA4 /* Hyper Weather.app */;
			productType = "com.apple.product-type.application";
		};
/* End PBXNativeTarget section */

/* Begin PBXProject section */
		962FE1ED2B289B2900603CA4 /* Project object */ = {
			isa = PBXProject;
			attributes = {
				BuildIndependentTargetsInParallel = 1;
				LastSwiftUpdateCheck = 1500;
				LastUpgradeCheck = 1500;
				TargetAttributes = {
					962FE1F42B289B2900603CA4 = {
						CreatedOnToolsVersion = 15.0.1;
					};
				};
			};
			buildConfigurationList = 962FE1F02B289B2900603CA4 /* Build configuration list for PBXProject "Hyper Weather" */;
			compatibilityVersion = "Xcode 14.0";
			developmentRegion = en;
			hasScannedForEncodings = 0;
			knownRegions = (
				en,
				Base,
			);
			mainGroup = 962FE1EC2B289B2900603CA4;
			packageReferences = (
				96BCDD572B2F103300DCFA08 /* XCRemoteSwiftPackageReference "purchases-ios" */,
			);
			productRefGroup = 962FE1F62B289B2900603CA4 /* Products */;
			projectDirPath = "";
			projectRoot = "";
			targets = (
				962FE1F42B289B2900603CA4 /* Hyper Weather */,
			);
		};
/* End PBXProject section */

/* Begin PBXResourcesBuildPhase section */
		962FE1F32B289B2900603CA4 /* Resources */ = {
			isa = PBXResourcesBuildPhase;
			buildActionMask = 2147483647;
			files = (
				962FE2082B289B2B00603CA4 /* LaunchScreen.storyboard in Resources */,
				962FE2052B289B2B00603CA4 /* Assets.xcassets in Resources */,
			);
			runOnlyForDeploymentPostprocessing = 0;
		};
/* End PBXResourcesBuildPhase section */

/* Begin PBXSourcesBuildPhase section */
		962FE1F12B289B2900603CA4 /* Sources */ = {
			isa = PBXSourcesBuildPhase;
			buildActionMask = 2147483647;
			files = (
				96C5CA122B2B4D85002C4A5C /* HourlyWeatherCollectionViewCellViewModel.swift in Sources */,
				967F8D752B29C0E300E76269 /* IAPManager.swift in Sources */,
				96C5CA142B2B4DBD002C4A5C /* DailyWeatherCollectionViewCellViewModel.swift in Sources */,
				962FE1FD2B289B2900603CA4 /* WeatherViewController.swift in Sources */,
				961815262B2B1DD300648E19 /* CurrentWeatherSection.swift in Sources */,
				961815242B2B01F700648E19 /* SettingsViewViewModel.swift in Sources */,
				962FE2032B289B2900603CA4 /* Hyper_Weather.xcdatamodeld in Sources */,
				96E5FE4F2B29D13800E347EE /* CurrentWeatherView.swift in Sources */,
				967F8D772B29C0FA00E76269 /* WeatherManager.swift in Sources */,
				967F8D732B29C0D300E76269 /* LocationManager.swift in Sources */,
				962FE1F92B289B2900603CA4 /* AppDelegate.swift in Sources */,
				96C5CA0E2B2B4CE8002C4A5C /* CurrentWeatherViewModel.swift in Sources */,
				967F8D7C2B29C34300E76269 /* TabViewController.swift in Sources */,
				9618152D2B2B21DB00648E19 /* HourlyWeatherCollectionViewCell.swift in Sources */,
				96C5CA102B2B4D3E002C4A5C /* CurrentWeatherCollectionViewCellViewModel.swift in Sources */,
				962FE1FB2B289B2900603CA4 /* SceneDelegate.swift in Sources */,
				967F8D7A2B29C30700E76269 /* SettingsViewController.swift in Sources */,
				96E5FE512B29D1E400E347EE /* SettingsView.swift in Sources */,
				9618152B2B2B21B600648E19 /* DailyWeatherCollectionViewCell.swift in Sources */,
				961815292B2B210000648E19 /* CurrentWeatherCollectionViewCell.swift in Sources */,
			);
			runOnlyForDeploymentPostprocessing = 0;
		};
/* End PBXSourcesBuildPhase section */

/* Begin PBXVariantGroup section */
		962FE2062B289B2B00603CA4 /* LaunchScreen.storyboard */ = {
			isa = PBXVariantGroup;
			children = (
				962FE2072B289B2B00603CA4 /* Base */,
			);
			name = LaunchScreen.storyboard;
			sourceTree = "<group>";
		};
/* End PBXVariantGroup section */

/* Begin XCBuildConfiguration section */
		962FE20A2B289B2B00603CA4 /* Debug */ = {
			isa = XCBuildConfiguration;
			buildSettings = {
				ALWAYS_SEARCH_USER_PATHS = NO;
				ASSETCATALOG_COMPILER_GENERATE_SWIFT_ASSET_SYMBOL_EXTENSIONS = YES;
				CLANG_ANALYZER_NONNULL = YES;
				CLANG_ANALYZER_NUMBER_OBJECT_CONVERSION = YES_AGGRESSIVE;
				CLANG_CXX_LANGUAGE_STANDARD = "gnu++20";
				CLANG_ENABLE_MODULES = YES;
				CLANG_ENABLE_OBJC_ARC = YES;
				CLANG_ENABLE_OBJC_WEAK = YES;
				CLANG_WARN_BLOCK_CAPTURE_AUTORELEASING = YES;
				CLANG_WARN_BOOL_CONVERSION = YES;
				CLANG_WARN_COMMA = YES;
				CLANG_WARN_CONSTANT_CONVERSION = YES;
				CLANG_WARN_DEPRECATED_OBJC_IMPLEMENTATIONS = YES;
				CLANG_WARN_DIRECT_OBJC_ISA_USAGE = YES_ERROR;
				CLANG_WARN_DOCUMENTATION_COMMENTS = YES;
				CLANG_WARN_EMPTY_BODY = YES;
				CLANG_WARN_ENUM_CONVERSION = YES;
				CLANG_WARN_INFINITE_RECURSION = YES;
				CLANG_WARN_INT_CONVERSION = YES;
				CLANG_WARN_NON_LITERAL_NULL_CONVERSION = YES;
				CLANG_WARN_OBJC_IMPLICIT_RETAIN_SELF = YES;
				CLANG_WARN_OBJC_LITERAL_CONVERSION = YES;
				CLANG_WARN_OBJC_ROOT_CLASS = YES_ERROR;
				CLANG_WARN_QUOTED_INCLUDE_IN_FRAMEWORK_HEADER = YES;
				CLANG_WARN_RANGE_LOOP_ANALYSIS = YES;
				CLANG_WARN_STRICT_PROTOTYPES = YES;
				CLANG_WARN_SUSPICIOUS_MOVE = YES;
				CLANG_WARN_UNGUARDED_AVAILABILITY = YES_AGGRESSIVE;
				CLANG_WARN_UNREACHABLE_CODE = YES;
				CLANG_WARN__DUPLICATE_METHOD_MATCH = YES;
				COPY_PHASE_STRIP = NO;
				DEBUG_INFORMATION_FORMAT = dwarf;
				ENABLE_STRICT_OBJC_MSGSEND = YES;
				ENABLE_TESTABILITY = YES;
				ENABLE_USER_SCRIPT_SANDBOXING = YES;
				GCC_C_LANGUAGE_STANDARD = gnu17;
				GCC_DYNAMIC_NO_PIC = NO;
				GCC_NO_COMMON_BLOCKS = YES;
				GCC_OPTIMIZATION_LEVEL = 0;
				GCC_PREPROCESSOR_DEFINITIONS = (
					"DEBUG=1",
					"$(inherited)",
				);
				GCC_WARN_64_TO_32_BIT_CONVERSION = YES;
				GCC_WARN_ABOUT_RETURN_TYPE = YES_ERROR;
				GCC_WARN_UNDECLARED_SELECTOR = YES;
				GCC_WARN_UNINITIALIZED_AUTOS = YES_AGGRESSIVE;
				GCC_WARN_UNUSED_FUNCTION = YES;
				GCC_WARN_UNUSED_VARIABLE = YES;
				IPHONEOS_DEPLOYMENT_TARGET = 15.0;
				LOCALIZATION_PREFERS_STRING_CATALOGS = YES;
				MTL_ENABLE_DEBUG_INFO = INCLUDE_SOURCE;
				MTL_FAST_MATH = YES;
				ONLY_ACTIVE_ARCH = YES;
				SDKROOT = iphoneos;
				SWIFT_ACTIVE_COMPILATION_CONDITIONS = "DEBUG $(inherited)";
				SWIFT_OPTIMIZATION_LEVEL = "-Onone";
			};
			name = Debug;
		};
		962FE20B2B289B2B00603CA4 /* Release */ = {
			isa = XCBuildConfiguration;
			buildSettings = {
				ALWAYS_SEARCH_USER_PATHS = NO;
				ASSETCATALOG_COMPILER_GENERATE_SWIFT_ASSET_SYMBOL_EXTENSIONS = YES;
				CLANG_ANALYZER_NONNULL = YES;
				CLANG_ANALYZER_NUMBER_OBJECT_CONVERSION = YES_AGGRESSIVE;
				CLANG_CXX_LANGUAGE_STANDARD = "gnu++20";
				CLANG_ENABLE_MODULES = YES;
				CLANG_ENABLE_OBJC_ARC = YES;
				CLANG_ENABLE_OBJC_WEAK = YES;
				CLANG_WARN_BLOCK_CAPTURE_AUTORELEASING = YES;
				CLANG_WARN_BOOL_CONVERSION = YES;
				CLANG_WARN_COMMA = YES;
				CLANG_WARN_CONSTANT_CONVERSION = YES;
				CLANG_WARN_DEPRECATED_OBJC_IMPLEMENTATIONS = YES;
				CLANG_WARN_DIRECT_OBJC_ISA_USAGE = YES_ERROR;
				CLANG_WARN_DOCUMENTATION_COMMENTS = YES;
				CLANG_WARN_EMPTY_BODY = YES;
				CLANG_WARN_ENUM_CONVERSION = YES;
				CLANG_WARN_INFINITE_RECURSION = YES;
				CLANG_WARN_INT_CONVERSION = YES;
				CLANG_WARN_NON_LITERAL_NULL_CONVERSION = YES;
				CLANG_WARN_OBJC_IMPLICIT_RETAIN_SELF = YES;
				CLANG_WARN_OBJC_LITERAL_CONVERSION = YES;
				CLANG_WARN_OBJC_ROOT_CLASS = YES_ERROR;
				CLANG_WARN_QUOTED_INCLUDE_IN_FRAMEWORK_HEADER = YES;
				CLANG_WARN_RANGE_LOOP_ANALYSIS = YES;
				CLANG_WARN_STRICT_PROTOTYPES = YES;
				CLANG_WARN_SUSPICIOUS_MOVE = YES;
				CLANG_WARN_UNGUARDED_AVAILABILITY = YES_AGGRESSIVE;
				CLANG_WARN_UNREACHABLE_CODE = YES;
				CLANG_WARN__DUPLICATE_METHOD_MATCH = YES;
				COPY_PHASE_STRIP = NO;
				DEBUG_INFORMATION_FORMAT = "dwarf-with-dsym";
				ENABLE_NS_ASSERTIONS = NO;
				ENABLE_STRICT_OBJC_MSGSEND = YES;
				ENABLE_USER_SCRIPT_SANDBOXING = YES;
				GCC_C_LANGUAGE_STANDARD = gnu17;
				GCC_NO_COMMON_BLOCKS = YES;
				GCC_WARN_64_TO_32_BIT_CONVERSION = YES;
				GCC_WARN_ABOUT_RETURN_TYPE = YES_ERROR;
				GCC_WARN_UNDECLARED_SELECTOR = YES;
				GCC_WARN_UNINITIALIZED_AUTOS = YES_AGGRESSIVE;
				GCC_WARN_UNUSED_FUNCTION = YES;
				GCC_WARN_UNUSED_VARIABLE = YES;
				IPHONEOS_DEPLOYMENT_TARGET = 15.0;
				LOCALIZATION_PREFERS_STRING_CATALOGS = YES;
				MTL_ENABLE_DEBUG_INFO = NO;
				MTL_FAST_MATH = YES;
				SDKROOT = iphoneos;
				SWIFT_COMPILATION_MODE = wholemodule;
				VALIDATE_PRODUCT = YES;
			};
			name = Release;
		};
		962FE20D2B289B2B00603CA4 /* Debug */ = {
			isa = XCBuildConfiguration;
			buildSettings = {
				ASSETCATALOG_COMPILER_APPICON_NAME = AppIcon;
				ASSETCATALOG_COMPILER_GLOBAL_ACCENT_COLOR_NAME = AccentColor;
				CODE_SIGN_ENTITLEMENTS = "Hyper Weather/Hyper Weather.entitlements";
				CODE_SIGN_STYLE = Automatic;
				CURRENT_PROJECT_VERSION = 1;
				DEVELOPMENT_TEAM = 28MJ2TX529;
				GENERATE_INFOPLIST_FILE = YES;
				INFOPLIST_FILE = "Hyper Weather/Info.plist";
				INFOPLIST_KEY_CFBundleDisplayName = "Hyper Weather";
				INFOPLIST_KEY_LSApplicationCategoryType = "public.app-category.weather";
				INFOPLIST_KEY_NSLocationWhenInUseUsageDescription = "Please allow location access to see your local weather data. The data will not be collected and stored locally.";
				INFOPLIST_KEY_UIApplicationSupportsIndirectInputEvents = YES;
				INFOPLIST_KEY_UILaunchStoryboardName = LaunchScreen;
				INFOPLIST_KEY_UISupportedInterfaceOrientations = UIInterfaceOrientationPortrait;
				INFOPLIST_KEY_UISupportedInterfaceOrientations_iPad = "UIInterfaceOrientationLandscapeLeft UIInterfaceOrientationLandscapeRight UIInterfaceOrientationPortrait UIInterfaceOrientationPortraitUpsideDown";
				IPHONEOS_DEPLOYMENT_TARGET = 16.0;
				LD_RUNPATH_SEARCH_PATHS = (
					"$(inherited)",
					"@executable_path/Frameworks",
				);
				MARKETING_VERSION = 1.0;
				PRODUCT_BUNDLE_IDENTIFIER = com.mertozseven.HyperWeather;
				PRODUCT_NAME = "$(TARGET_NAME)";
				SUPPORTED_PLATFORMS = "iphoneos iphonesimulator";
				SUPPORTS_MACCATALYST = NO;
				SUPPORTS_MAC_DESIGNED_FOR_IPHONE_IPAD = NO;
				SWIFT_EMIT_LOC_STRINGS = YES;
				SWIFT_VERSION = 5.0;
				TARGETED_DEVICE_FAMILY = 1;
			};
			name = Debug;
		};
		962FE20E2B289B2B00603CA4 /* Release */ = {
			isa = XCBuildConfiguration;
			buildSettings = {
				ASSETCATALOG_COMPILER_APPICON_NAME = AppIcon;
				ASSETCATALOG_COMPILER_GLOBAL_ACCENT_COLOR_NAME = AccentColor;
				CODE_SIGN_ENTITLEMENTS = "Hyper Weather/Hyper Weather.entitlements";
				CODE_SIGN_STYLE = Automatic;
				CURRENT_PROJECT_VERSION = 1;
				DEVELOPMENT_TEAM = 28MJ2TX529;
				GENERATE_INFOPLIST_FILE = YES;
				INFOPLIST_FILE = "Hyper Weather/Info.plist";
				INFOPLIST_KEY_CFBundleDisplayName = "Hyper Weather";
				INFOPLIST_KEY_LSApplicationCategoryType = "public.app-category.weather";
				INFOPLIST_KEY_NSLocationWhenInUseUsageDescription = "Please allow location access to see your local weather data. The data will not be collected and stored locally.";
				INFOPLIST_KEY_UIApplicationSupportsIndirectInputEvents = YES;
				INFOPLIST_KEY_UILaunchStoryboardName = LaunchScreen;
				INFOPLIST_KEY_UISupportedInterfaceOrientations = UIInterfaceOrientationPortrait;
				INFOPLIST_KEY_UISupportedInterfaceOrientations_iPad = "UIInterfaceOrientationLandscapeLeft UIInterfaceOrientationLandscapeRight UIInterfaceOrientationPortrait UIInterfaceOrientationPortraitUpsideDown";
				IPHONEOS_DEPLOYMENT_TARGET = 16.0;
				LD_RUNPATH_SEARCH_PATHS = (
					"$(inherited)",
					"@executable_path/Frameworks",
				);
				MARKETING_VERSION = 1.0;
				PRODUCT_BUNDLE_IDENTIFIER = com.mertozseven.HyperWeather;
				PRODUCT_NAME = "$(TARGET_NAME)";
				SUPPORTED_PLATFORMS = "iphoneos iphonesimulator";
				SUPPORTS_MACCATALYST = NO;
				SUPPORTS_MAC_DESIGNED_FOR_IPHONE_IPAD = NO;
				SWIFT_EMIT_LOC_STRINGS = YES;
				SWIFT_VERSION = 5.0;
				TARGETED_DEVICE_FAMILY = 1;
			};
			name = Release;
		};
/* End XCBuildConfiguration section */

/* Begin XCConfigurationList section */
		962FE1F02B289B2900603CA4 /* Build configuration list for PBXProject "Hyper Weather" */ = {
			isa = XCConfigurationList;
			buildConfigurations = (
				962FE20A2B289B2B00603CA4 /* Debug */,
				962FE20B2B289B2B00603CA4 /* Release */,
			);
			defaultConfigurationIsVisible = 0;
			defaultConfigurationName = Release;
		};
		962FE20C2B289B2B00603CA4 /* Build configuration list for PBXNativeTarget "Hyper Weather" */ = {
			isa = XCConfigurationList;
			buildConfigurations = (
				962FE20D2B289B2B00603CA4 /* Debug */,
				962FE20E2B289B2B00603CA4 /* Release */,
			);
			defaultConfigurationIsVisible = 0;
			defaultConfigurationName = Release;
		};
/* End XCConfigurationList section */

/* Begin XCRemoteSwiftPackageReference section */
		96BCDD572B2F103300DCFA08 /* XCRemoteSwiftPackageReference "purchases-ios" */ = {
			isa = XCRemoteSwiftPackageReference;
			repositoryURL = "https://github.com/RevenueCat/purchases-ios.git";
			requirement = {
				kind = upToNextMajorVersion;
				minimumVersion = 4.31.4;
			};
		};
/* End XCRemoteSwiftPackageReference section */

/* Begin XCSwiftPackageProductDependency section */
		96BCDD582B2F103300DCFA08 /* RevenueCat */ = {
			isa = XCSwiftPackageProductDependency;
			package = 96BCDD572B2F103300DCFA08 /* XCRemoteSwiftPackageReference "purchases-ios" */;
			productName = RevenueCat;
		};
		96BCDD5A2B2F103300DCFA08 /* RevenueCatUI */ = {
			isa = XCSwiftPackageProductDependency;
			package = 96BCDD572B2F103300DCFA08 /* XCRemoteSwiftPackageReference "purchases-ios" */;
			productName = RevenueCatUI;
		};
		96E65DED2B2F5D0400745FBD /* ReceiptParser */ = {
			isa = XCSwiftPackageProductDependency;
			package = 96BCDD572B2F103300DCFA08 /* XCRemoteSwiftPackageReference "purchases-ios" */;
			productName = ReceiptParser;
		};
		96E65DEF2B2F5D0400745FBD /* RevenueCat */ = {
			isa = XCSwiftPackageProductDependency;
			package = 96BCDD572B2F103300DCFA08 /* XCRemoteSwiftPackageReference "purchases-ios" */;
			productName = RevenueCat;
		};
		96E65DF12B2F5D0400745FBD /* RevenueCatUI */ = {
			isa = XCSwiftPackageProductDependency;
			package = 96BCDD572B2F103300DCFA08 /* XCRemoteSwiftPackageReference "purchases-ios" */;
			productName = RevenueCatUI;
		};
/* End XCSwiftPackageProductDependency section */

/* Begin XCVersionGroup section */
		962FE2012B289B2900603CA4 /* Hyper_Weather.xcdatamodeld */ = {
			isa = XCVersionGroup;
			children = (
				962FE2022B289B2900603CA4 /* Hyper_Weather.xcdatamodel */,
			);
			currentVersion = 962FE2022B289B2900603CA4 /* Hyper_Weather.xcdatamodel */;
			path = Hyper_Weather.xcdatamodeld;
			sourceTree = "<group>";
			versionGroupType = wrapper.xcdatamodel;
		};
/* End XCVersionGroup section */
	};
	rootObject = 962FE1ED2B289B2900603CA4 /* Project object */;
}
