{
  "pins" : [
    {
      "identity" : "purchases-ios",
      "kind" : "remoteSourceControl",
      "location" : "https://github.com/RevenueCat/purchases-ios.git",
      "state" : {
        "revision" : "cb3cc43b6181bc5f4482e35742448ee6ddc587e8",
        "version" : "4.31.4"
      }
    }
  ],
  "version" : 2
}
